<?xml version="1.0" encoding="UTF-8" standalone="yes" ?>
<CodeBlocks_project_file>
	<FileVersion major="1" minor="6" />
	<Project>
		<Option title="WordfisherPlugin" />
		<Option pch_mode="2" />
		<Option compiler="gcc" />
		<Build>
			<Target title="default">
				<Option output="Wordfisher" prefix_auto="0" extension_auto="1" />
				<Option object_output=".objs/default" />
				<Option type="3" />
				<Option compiler="gcc" />
				<Compiler>
					<Add option="-g" />
					<Add option="`pkg-config --cflags codeblocks`" />
					<Add option="`wx-config --cflags  --version=2.8`" />
					<Add directory="$(cb.BASE)/include" />
					<Add directory="include" />
				</Compiler>
				<Linker>
					<Add option="`pkg-config --libs codeblocks`" />
					<Add option="`wx-config --libs  --version=2.8`" />
				</Linker>
				<ExtraCommands>
					<Add after="zip -j9 Wordfisher.zip manifest.xml ViewerDialog.xrc" />
					<Add after="zip -j9 Wordfisher.cbplugin Wordfisher.so Wordfisher.zip" />
					<Mode after="always" />
				</ExtraCommands>
			</Target>
			<Target title="to_codeblocks_wx28">
				<Option output="$(#cb)/devel/share/codeblocks/plugins/Wordfisher" prefix_auto="1" extension_auto="1" />
				<Option working_dir="$(#cb)/devel" />
				<Option object_output=".objs/to_codeblocks_wx28" />
				<Option type="3" />
				<Option compiler="gcc" />
				<Option parameters="--debug-log --multiple-instance --no-splash-screen --verbose -p debug --no-ipc " />
				<Option host_application="$(#cb)/devel/codeblocks" />
				<Option run_host_application_in_terminal="0" />
				<Compiler>
					<Add option="`wx-config --cflags  --version=2.8`" />
					<Add option="-g" />
					<Add directory="$(#cb)/include" />
					<Add directory="$(#cb)/sdk/wxscintilla/include" />
					<Add directory="$(#cb)/include/tinyxml" />
					<Add directory="include" />
				</Compiler>
				<Linker>
					<Add option="`wx-config --libs  --version=2.8`" />
					<Add library="codeblocks" />
					<Add directory="$(#cb)/devel" />
				</Linker>
				<ExtraCommands>
					<Add after="zip -j9 $(#cb)/devel/share/codeblocks/Wordfisher.zip manifest.xml" />
					<Mode after="always" />
				</ExtraCommands>
			</Target>
			<Target title="to_codeblocks_wx30">
				<Option output="$(#cb)/devel30/share/codeblocks/plugins/Wordfisher" prefix_auto="1" extension_auto="1" />
				<Option working_dir="$(#cb)/devel30" />
				<Option object_output=".objs/to_codeblocks_wx30" />
				<Option type="3" />
				<Option compiler="gcc" />
				<Option parameters="--debug-log --multiple-instance --no-splash-screen --verbose -p debug --no-ipc " />
				<Option host_application="$(#cb)/devel30/codeblocks" />
				<Option run_host_application_in_terminal="0" />
				<Compiler>
					<Add option="`wx-config --cflags  --version=3.0`" />
					<Add option="-g" />
					<Add directory="$(#cb)/include" />
					<Add directory="$(#cb)/sdk/wxscintilla/include" />
					<Add directory="$(#cb)/include/tinyxml" />
					<Add directory="include" />
				</Compiler>
				<Linker>
					<Add option="`wx-config --libs  --version=3.0`" />
					<Add library="codeblocks" />
					<Add directory="$(#cb)/devel30" />
				</Linker>
				<ExtraCommands>
					<Add after="zip -j9 $(#cb)/devel30/share/codeblocks/Wordfisher.zip manifest.xml" />
					<Mode after="always" />
				</ExtraCommands>
			</Target>
		</Build>
		<VirtualTargets>
			<Add alias="All" targets="default;to_codeblocks_wx28;to_codeblocks_wx30;" />
		</VirtualTargets>
		<Compiler>
			<Add option="-std=c++11" />
			<Add option="-fPIC" />
		</Compiler>
		<Linker>
			<Add option="-Wl,--no-undefined" />
		</Linker>
		<Unit filename="">
			<Option target="&lt;{~None~}&gt;" />
		</Unit>
		<Unit filename="include/History.h" />
		<Unit filename="include/SearchFile.h" />
		<Unit filename="include/SuccesfullyReplaced.h" />
		<Unit filename="include/Targets.h" />
		<Unit filename="include/Viewer.h" />
		<Unit filename="include/ViewerDialog.h" />
		<Unit filename="include/Wordfisher.h" />
		<Unit filename="manifest.xml" />
		<Unit filename="src/History.cpp" />
		<Unit filename="src/HistoryWindow.cpp" />
		<Unit filename="src/SearchFile.cpp" />
		<Unit filename="src/SuccesfullyReplaced.cpp" />
		<Unit filename="src/Targets.cpp" />
		<Unit filename="src/Viewer.cpp" />
		<Unit filename="src/ViewerDialog.cpp" />
		<Unit filename="src/Wordfisher.cpp" />
		<Unit filename="test.cpp">
			<Option target="&lt;{~None~}&gt;" />
		</Unit>
		<Unit filename="test/testing.cpp">
			<Option target="&lt;{~None~}&gt;" />
		</Unit>
		<Unit filename="wxsmith/HistoryWindow.wxs" />
		<Unit filename="wxsmith/SuccesfullyReplaced.wxs" />
		<Unit filename="wxsmith/ViewerDialog.wxs" />
		<Extensions>
			<code_completion />
			<envvars />
			<debugger />
			<lib_finder disable_auto="1" />
			<wxsmith version="1">
				<gui name="wxWidgets" src="" main="" init_handlers="necessary" language="CPP" />
				<resources>
					<wxDialog wxs="wxsmith/ViewerDialog.wxs" src="ViewerDialog.cpp" hdr="ViewerDialog.h" xrc="ViewerDialog.xrc" fwddecl="0" i18n="1" name="ViewerDialog" language="CPP" />
					<wxDialog wxs="wxsmith/SuccesfullyReplaced.wxs" src="SuccesfullyReplaced.cpp" hdr="SuccesfullyReplaced.h" xrc="SuccesfullyReplaced.xrc" fwddecl="0" i18n="1" name="SuccesfullyReplaced" language="CPP" />
					<wxDialog wxs="wxsmith/HistoryWindow.wxs" src="HistoryWindow.cpp" hdr="HistoryWindow.h" xrc="HistoryWindow.xrc" fwddecl="0" i18n="1" name="HistoryWindow" language="CPP" />
				</resources>
			</wxsmith>
		</Extensions>
	</Project>
</CodeBlocks_project_file>
